<Solution>
  <Project Path="Missions.Api.Tests/Missions.Api.Tests.csproj" />
  <Project Path="Missions.Api/Missions.Api.csproj" />
  <Project Path="Missions.Application/Missions.Application.csproj" />
  <Project Path="Missions.Domain/Missions.Domain.csproj" />
  <Project Path="Missions.Infrastructure/Missions.Infrastructure.csproj" />
  <Project Path="Missions.Domain.Tests/Missions.Domain.Tests.csproj" />
</Solution>